
Microsoft Visual Studio Solution File, Format Version 12.00
# Visual Studio Version 17
VisualStudioVersion = 17.3.32819.101
MinimumVisualStudioVersion = 10.0.40219.1
Project("{FAE04EC0-301F-11D3-BF4B-00C04F79EFBC}") = "Basic GUI 1", "Basic GUI 1\Basic GUI 1.csproj", "{75B53AB1-B0A2-45C7-8D97-BF4CDDFA5BEA}"
EndProject
Global
	GlobalSection(SolutionConfigurationPlatforms) = preSolution
		Debug|Any CPU = Debug|Any CPU
		Release|Any CPU = Release|Any CPU
	EndGlobalSection
	GlobalSection(ProjectConfigurationPlatforms) = postSolution
		{75B53AB1-B0A2-45C7-8D97-BF4CDDFA5BEA}.Debug|Any CPU.ActiveCfg = Debug|Any CPU
		{75B53AB1-B0A2-45C7-8D97-BF4CDDFA5BEA}.Debug|Any CPU.Build.0 = Debug|Any CPU
		{75B53AB1-B0A2-45C7-8D97-BF4CDDFA5BEA}.Release|Any CPU.ActiveCfg = Release|Any CPU
		{75B53AB1-B0A2-45C7-8D97-BF4CDDFA5BEA}.Release|Any CPU.Build.0 = Release|Any CPU
	EndGlobalSection
	GlobalSection(SolutionProperties) = preSolution
		HideSolutionNode = FALSE
	EndGlobalSection
	GlobalSection(ExtensibilityGlobals) = postSolution
		SolutionGuid = {03214D40-1F33-4CD1-9A62-12B2B14FB0A7}
	EndGlobalSection
EndGlobal
